
Microsoft Visual Studio Solution File, Format Version 12.00
# Visual Studio Version 17
VisualStudioVersion = 17.7.34221.43
MinimumVisualStudioVersion = 10.0.40219.1
Project("{FAE04EC0-301F-11D3-BF4B-00C04F79EFBC}") = "Lab 10", "Lab 10.csproj", "{0D9215DB-9BFD-4B5A-9163-09D92A2CCFAC}"
EndProject
Global
	GlobalSection(SolutionConfigurationPlatforms) = preSolution
		Debug|Any CPU = Debug|Any CPU
		Release|Any CPU = Release|Any CPU
	EndGlobalSection
	GlobalSection(ProjectConfigurationPlatforms) = postSolution
		{0D9215DB-9BFD-4B5A-9163-09D92A2CCFAC}.Debug|Any CPU.ActiveCfg = Debug|Any CPU
		{0D9215DB-9BFD-4B5A-9163-09D92A2CCFAC}.Debug|Any CPU.Build.0 = Debug|Any CPU
		{0D9215DB-9BFD-4B5A-9163-09D92A2CCFAC}.Release|Any CPU.ActiveCfg = Release|Any CPU
		{0D9215DB-9BFD-4B5A-9163-09D92A2CCFAC}.Release|Any CPU.Build.0 = Release|Any CPU
	EndGlobalSection
	GlobalSection(SolutionProperties) = preSolution
		HideSolutionNode = FALSE
	EndGlobalSection
	GlobalSection(ExtensibilityGlobals) = postSolution
		SolutionGuid = {99F1EC1E-3544-4E6A-BABC-26CE218FE55E}
	EndGlobalSection
EndGlobal
